// !$*UTF8*$!
{
	archiveVersion = 1;
	classes = {
	};
	objectVersion = 56;
	objects = {

/* Begin PBXBuildFile section */
		9828E98C2A95AE3A00B960DD /* AppDelegate.swift in Sources */ = {isa = PBXBuildFile; fileRef = 9828E98B2A95AE3A00B960DD /* AppDelegate.swift */; };
		9828E98E2A95AE3A00B960DD /* SceneDelegate.swift in Sources */ = {isa = PBXBuildFile; fileRef = 9828E98D2A95AE3A00B960DD /* SceneDelegate.swift */; };
		9828E9902A95AE3A00B960DD /* ViewController.swift in Sources */ = {isa = PBXBuildFile; fileRef = 9828E98F2A95AE3A00B960DD /* ViewController.swift */; };
		9828E9932A95AE3A00B960DD /* Main.storyboard in Resources */ = {isa = PBXBuildFile; fileRef = 9828E9912A95AE3A00B960DD /* Main.storyboard */; };
		9828E9952A95AE3C00B960DD /* Assets.xcassets in Resources */ = {isa = PBXBuildFile; fileRef = 9828E9942A95AE3C00B960DD /* Assets.xcassets */; };
		9828E9982A95AE3C00B960DD /* LaunchScreen.storyboard in Resources */ = {isa = PBXBuildFile; fileRef = 9828E9962A95AE3C00B960DD /* LaunchScreen.storyboard */; };
		9828E9A32A95AE3C00B960DD /* GoogleBooksTests.swift in Sources */ = {isa = PBXBuildFile; fileRef = 9828E9A22A95AE3C00B960DD /* GoogleBooksTests.swift */; };
		9828E9AD2A95AE3C00B960DD /* GoogleBooksUITests.swift in Sources */ = {isa = PBXBuildFile; fileRef = 9828E9AC2A95AE3C00B960DD /* GoogleBooksUITests.swift */; };
		9828E9AF2A95AE3C00B960DD /* GoogleBooksUITestsLaunchTests.swift in Sources */ = {isa = PBXBuildFile; fileRef = 9828E9AE2A95AE3C00B960DD /* GoogleBooksUITestsLaunchTests.swift */; };
/* End PBXBuildFile section */

/* Begin PBXContainerItemProxy section */
		9828E99F2A95AE3C00B960DD /* PBXContainerItemProxy */ = {
			isa = PBXContainerItemProxy;
			containerPortal = 9828E9802A95AE3A00B960DD /* Project object */;
			proxyType = 1;
			remoteGlobalIDString = 9828E9872A95AE3A00B960DD;
			remoteInfo = GoogleBooks;
		};
		9828E9A92A95AE3C00B960DD /* PBXContainerItemProxy */ = {
			isa = PBXContainerItemProxy;
			containerPortal = 9828E9802A95AE3A00B960DD /* Project object */;
			proxyType = 1;
			remoteGlobalIDString = 9828E9872A95AE3A00B960DD;
			remoteInfo = GoogleBooks;
		};
/* End PBXContainerItemProxy section */

/* Begin PBXFileReference section */
		9828E9882A95AE3A00B960DD /* GoogleBooks.app */ = {isa = PBXFileReference; explicitFileType = wrapper.application; includeInIndex = 0; path = GoogleBooks.app; sourceTree = BUILT_PRODUCTS_DIR; };
		9828E98B2A95AE3A00B960DD /* AppDelegate.swift */ = {isa = PBXFileReference; lastKnownFileType = sourcecode.swift; path = AppDelegate.swift; sourceTree = "<group>"; };
		9828E98D2A95AE3A00B960DD /* SceneDelegate.swift */ = {isa = PBXFileReference; lastKnownFileType = sourcecode.swift; path = SceneDelegate.swift; sourceTree = "<group>"; };
		9828E98F2A95AE3A00B960DD /* ViewController.swift */ = {isa = PBXFileReference; lastKnownFileType = sourcecode.swift; path = ViewController.swift; sourceTree = "<group>"; };
		9828E9922A95AE3A00B960DD /* Base */ = {isa = PBXFileReference; lastKnownFileType = file.storyboard; name = Base; path = Base.lproj/Main.storyboard; sourceTree = "<group>"; };
		9828E9942A95AE3C00B960DD /* Assets.xcassets */ = {isa = PBXFileReference; lastKnownFileType = folder.assetcatalog; path = Assets.xcassets; sourceTree = "<group>"; };
		9828E9972A95AE3C00B960DD /* Base */ = {isa = PBXFileReference; lastKnownFileType = file.storyboard; name = Base; path = Base.lproj/LaunchScreen.storyboard; sourceTree = "<group>"; };
		9828E9992A95AE3C00B960DD /* Info.plist */ = {isa = PBXFileReference; lastKnownFileType = text.plist.xml; path = Info.plist; sourceTree = "<group>"; };
		9828E99E2A95AE3C00B960DD /* GoogleBooksTests.xctest */ = {isa = PBXFileReference; explicitFileType = wrapper.cfbundle; includeInIndex = 0; path = GoogleBooksTests.xctest; sourceTree = BUILT_PRODUCTS_DIR; };
		9828E9A22A95AE3C00B960DD /* GoogleBooksTests.swift */ = {isa = PBXFileReference; lastKnownFileType = sourcecode.swift; path = GoogleBooksTests.swift; sourceTree = "<group>"; };
		9828E9A82A95AE3C00B960DD /* GoogleBooksUITests.xctest */ = {isa = PBXFileReference; explicitFileType = wrapper.cfbundle; includeInIndex = 0; path = GoogleBooksUITests.xctest; sourceTree = BUILT_PRODUCTS_DIR; };
		9828E9AC2A95AE3C00B960DD /* GoogleBooksUITests.swift */ = {isa = PBXFileReference; lastKnownFileType = sourcecode.swift; path = GoogleBooksUITests.swift; sourceTree = "<group>"; };
		9828E9AE2A95AE3C00B960DD /* GoogleBooksUITestsLaunchTests.swift */ = {isa = PBXFileReference; lastKnownFileType = sourcecode.swift; path = GoogleBooksUITestsLaunchTests.swift; sourceTree = "<group>"; };
/* End PBXFileReference section */

/* Begin PBXFrameworksBuildPhase section */
		9828E9852A95AE3A00B960DD /* Frameworks */ = {
			isa = PBXFrameworksBuildPhase;
			buildActionMask = 2147483647;
			files = (
			);
			runOnlyForDeploymentPostprocessing = 0;
		};
		9828E99B2A95AE3C00B960DD /* Frameworks */ = {
			isa = PBXFrameworksBuildPhase;
			buildActionMask = 2147483647;
			files = (
			);
			runOnlyForDeploymentPostprocessing = 0;
		};
		9828E9A52A95AE3C00B960DD /* Frameworks */ = {
			isa = PBXFrameworksBuildPhase;
			buildActionMask = 2147483647;
			files = (
			);
			runOnlyForDeploymentPostprocessing = 0;
		};
/* End PBXFrameworksBuildPhase section */

/* Begin PBXGroup section */
		9828E97F2A95AE3A00B960DD = {
			isa = PBXGroup;
			children = (
				9828E98A2A95AE3A00B960DD /* GoogleBooks */,
				9828E9A12A95AE3C00B960DD /* GoogleBooksTests */,
				9828E9AB2A95AE3C00B960DD /* GoogleBooksUITests */,
				9828E9892A95AE3A00B960DD /* Products */,
			);
			sourceTree = "<group>";
		};
		9828E9892A95AE3A00B960DD /* Products */ = {
			isa = PBXGroup;
			children = (
				9828E9882A95AE3A00B960DD /* GoogleBooks.app */,
				9828E99E2A95AE3C00B960DD /* GoogleBooksTests.xctest */,
				9828E9A82A95AE3C00B960DD /* GoogleBooksUITests.xctest */,
			);
			name = Products;
			sourceTree = "<group>";
		};
		9828E98A2A95AE3A00B960DD /* GoogleBooks */ = {
			isa = PBXGroup;
			children = (
				9828E98B2A95AE3A00B960DD /* AppDelegate.swift */,
				9828E98D2A95AE3A00B960DD /* SceneDelegate.swift */,
				9828E98F2A95AE3A00B960DD /* ViewController.swift */,
				9828E9912A95AE3A00B960DD /* Main.storyboard */,
				9828E9942A95AE3C00B960DD /* Assets.xcassets */,
				9828E9962A95AE3C00B960DD /* LaunchScreen.storyboard */,
				9828E9992A95AE3C00B960DD /* Info.plist */,
			);
			path = GoogleBooks;
			sourceTree = "<group>";
		};
		9828E9A12A95AE3C00B960DD /* GoogleBooksTests */ = {
			isa = PBXGroup;
			children = (
				9828E9A22A95AE3C00B960DD /* GoogleBooksTests.swift */,
			);
			path = GoogleBooksTests;
			sourceTree = "<group>";
		};
		9828E9AB2A95AE3C00B960DD /* GoogleBooksUITests */ = {
			isa = PBXGroup;
			children = (
				9828E9AC2A95AE3C00B960DD /* GoogleBooksUITests.swift */,
				9828E9AE2A95AE3C00B960DD /* GoogleBooksUITestsLaunchTests.swift */,
			);
			path = GoogleBooksUITests;
			sourceTree = "<group>";
		};
/* End PBXGroup section */

/* Begin PBXNativeTarget section */
		9828E9872A95AE3A00B960DD /* GoogleBooks */ = {
			isa = PBXNativeTarget;
			buildConfigurationList = 9828E9B22A95AE3C00B960DD /* Build configuration list for PBXNativeTarget "GoogleBooks" */;
			buildPhases = (
				9828E9842A95AE3A00B960DD /* Sources */,
				9828E9852A95AE3A00B960DD /* Frameworks */,
				9828E9862A95AE3A00B960DD /* Resources */,
			);
			buildRules = (
			);
			dependencies = (
			);
			name = GoogleBooks;
			productName = GoogleBooks;
			productReference = 9828E9882A95AE3A00B960DD /* GoogleBooks.app */;
			productType = "com.apple.product-type.application";
		};
		9828E99D2A95AE3C00B960DD /* GoogleBooksTests */ = {
			isa = PBXNativeTarget;
			buildConfigurationList = 9828E9B52A95AE3C00B960DD /* Build configuration list for PBXNativeTarget "GoogleBooksTests" */;
			buildPhases = (
				9828E99A2A95AE3C00B960DD /* Sources */,
				9828E99B2A95AE3C00B960DD /* Frameworks */,
				9828E99C2A95AE3C00B960DD /* Resources */,
			);
			buildRules = (
			);
			dependencies = (
				9828E9A02A95AE3C00B960DD /* PBXTargetDependency */,
			);
			name = GoogleBooksTests;
			productName = GoogleBooksTests;
			productReference = 9828E99E2A95AE3C00B960DD /* GoogleBooksTests.xctest */;
			productType = "com.apple.product-type.bundle.unit-test";
		};
		9828E9A72A95AE3C00B960DD /* GoogleBooksUITests */ = {
			isa = PBXNativeTarget;
			buildConfigurationList = 9828E9B82A95AE3C00B960DD /* Build configuration list for PBXNativeTarget "GoogleBooksUITests" */;
			buildPhases = (
				9828E9A42A95AE3C00B960DD /* Sources */,
				9828E9A52A95AE3C00B960DD /* Frameworks */,
				9828E9A62A95AE3C00B960DD /* Resources */,
			);
			buildRules = (
			);
			dependencies = (
				9828E9AA2A95AE3C00B960DD /* PBXTargetDependency */,
			);
			name = GoogleBooksUITests;
			productName = GoogleBooksUITests;
			productReference = 9828E9A82A95AE3C00B960DD /* GoogleBooksUITests.xctest */;
			productType = "com.apple.product-type.bundle.ui-testing";
		};
/* End PBXNativeTarget section */

/* Begin PBXProject section */
		9828E9802A95AE3A00B960DD /* Project object */ = {
			isa = PBXProject;
			attributes = {
				BuildIndependentTargetsInParallel = 1;
				LastSwiftUpdateCheck = 1430;
				LastUpgradeCheck = 1430;
				TargetAttributes = {
					9828E9872A95AE3A00B960DD = {
						CreatedOnToolsVersion = 14.3.1;
					};
					9828E99D2A95AE3C00B960DD = {
						CreatedOnToolsVersion = 14.3.1;
						TestTargetID = 9828E9872A95AE3A00B960DD;
					};
					9828E9A72A95AE3C00B960DD = {
						CreatedOnToolsVersion = 14.3.1;
						TestTargetID = 9828E9872A95AE3A00B960DD;
					};
				};
			};
			buildConfigurationList = 9828E9832A95AE3A00B960DD /* Build configuration list for PBXProject "GoogleBooks" */;
			compatibilityVersion = "Xcode 14.0";
			developmentRegion = en;
			hasScannedForEncodings = 0;
			knownRegions = (
				en,
				Base,
			);
			mainGroup = 9828E97F2A95AE3A00B960DD;
			productRefGroup = 9828E9892A95AE3A00B960DD /* Products */;
			projectDirPath = "";
			projectRoot = "";
			targets = (
				9828E9872A95AE3A00B960DD /* GoogleBooks */,
				9828E99D2A95AE3C00B960DD /* GoogleBooksTests */,
				9828E9A72A95AE3C00B960DD /* GoogleBooksUITests */,
			);
		};
/* End PBXProject section */

/* Begin PBXResourcesBuildPhase section */
		9828E9862A95AE3A00B960DD /* Resources */ = {
			isa = PBXResourcesBuildPhase;
			buildActionMask = 2147483647;
			files = (
				9828E9982A95AE3C00B960DD /* LaunchScreen.storyboard in Resources */,
				9828E9952A95AE3C00B960DD /* Assets.xcassets in Resources */,
				9828E9932A95AE3A00B960DD /* Main.storyboard in Resources */,
			);
			runOnlyForDeploymentPostprocessing = 0;
		};
		9828E99C2A95AE3C00B960DD /* Resources */ = {
			isa = PBXResourcesBuildPhase;
			buildActionMask = 2147483647;
			files = (
			);
			runOnlyForDeploymentPostprocessing = 0;
		};
		9828E9A62A95AE3C00B960DD /* Resources */ = {
			isa = PBXResourcesBuildPhase;
			buildActionMask = 2147483647;
			files = (
			);
			runOnlyForDeploymentPostprocessing = 0;
		};
/* End PBXResourcesBuildPhase section */

/* Begin PBXSourcesBuildPhase section */
		9828E9842A95AE3A00B960DD /* Sources */ = {
			isa = PBXSourcesBuildPhase;
			buildActionMask = 2147483647;
			files = (
				9828E9902A95AE3A00B960DD /* ViewController.swift in Sources */,
				9828E98C2A95AE3A00B960DD /* AppDelegate.swift in Sources */,
				9828E98E2A95AE3A00B960DD /* SceneDelegate.swift in Sources */,
			);
			runOnlyForDeploymentPostprocessing = 0;
		};
		9828E99A2A95AE3C00B960DD /* Sources */ = {
			isa = PBXSourcesBuildPhase;
			buildActionMask = 2147483647;
			files = (
				9828E9A32A95AE3C00B960DD /* GoogleBooksTests.swift in Sources */,
			);
			runOnlyForDeploymentPostprocessing = 0;
		};
		9828E9A42A95AE3C00B960DD /* Sources */ = {
			isa = PBXSourcesBuildPhase;
			buildActionMask = 2147483647;
			files = (
				9828E9AF2A95AE3C00B960DD /* GoogleBooksUITestsLaunchTests.swift in Sources */,
				9828E9AD2A95AE3C00B960DD /* GoogleBooksUITests.swift in Sources */,
			);
			runOnlyForDeploymentPostprocessing = 0;
		};
/* End PBXSourcesBuildPhase section */

/* Begin PBXTargetDependency section */
		9828E9A02A95AE3C00B960DD /* PBXTargetDependency */ = {
			isa = PBXTargetDependency;
			target = 9828E9872A95AE3A00B960DD /* GoogleBooks */;
			targetProxy = 9828E99F2A95AE3C00B960DD /* PBXContainerItemProxy */;
		};
		9828E9AA2A95AE3C00B960DD /* PBXTargetDependency */ = {
			isa = PBXTargetDependency;
			target = 9828E9872A95AE3A00B960DD /* GoogleBooks */;
			targetProxy = 9828E9A92A95AE3C00B960DD /* PBXContainerItemProxy */;
		};
/* End PBXTargetDependency section */

/* Begin PBXVariantGroup section */
		9828E9912A95AE3A00B960DD /* Main.storyboard */ = {
			isa = PBXVariantGroup;
			children = (
				9828E9922A95AE3A00B960DD /* Base */,
			);
			name = Main.storyboard;
			sourceTree = "<group>";
		};
		9828E9962A95AE3C00B960DD /* LaunchScreen.storyboard */ = {
			isa = PBXVariantGroup;
			children = (
				9828E9972A95AE3C00B960DD /* Base */,
			);
			name = LaunchScreen.storyboard;
			sourceTree = "<group>";
		};
/* End PBXVariantGroup section */

/* Begin XCBuildConfiguration section */
		9828E9B02A95AE3C00B960DD /* Debug */ = {
			isa = XCBuildConfiguration;
			buildSettings = {
				ALWAYS_SEARCH_USER_PATHS = NO;
				CLANG_ANALYZER_NONNULL = YES;
				CLANG_ANALYZER_NUMBER_OBJECT_CONVERSION = YES_AGGRESSIVE;
				CLANG_CXX_LANGUAGE_STANDARD = "gnu++20";
				CLANG_ENABLE_MODULES = YES;
				CLANG_ENABLE_OBJC_ARC = YES;
				CLANG_ENABLE_OBJC_WEAK = YES;
				CLANG_WARN_BLOCK_CAPTURE_AUTORELEASING = YES;
				CLANG_WARN_BOOL_CONVERSION = YES;
				CLANG_WARN_COMMA = YES;
				CLANG_WARN_CONSTANT_CONVERSION = YES;
				CLANG_WARN_DEPRECATED_OBJC_IMPLEMENTATIONS = YES;
				CLANG_WARN_DIRECT_OBJC_ISA_USAGE = YES_ERROR;
				CLANG_WARN_DOCUMENTATION_COMMENTS = YES;
				CLANG_WARN_EMPTY_BODY = YES;
				CLANG_WARN_ENUM_CONVERSION = YES;
				CLANG_WARN_INFINITE_RECURSION = YES;
				CLANG_WARN_INT_CONVERSION = YES;
				CLANG_WARN_NON_LITERAL_NULL_CONVERSION = YES;
				CLANG_WARN_OBJC_IMPLICIT_RETAIN_SELF = YES;
				CLANG_WARN_OBJC_LITERAL_CONVERSION = YES;
				CLANG_WARN_OBJC_ROOT_CLASS = YES_ERROR;
				CLANG_WARN_QUOTED_INCLUDE_IN_FRAMEWORK_HEADER = YES;
				CLANG_WARN_RANGE_LOOP_ANALYSIS = YES;
				CLANG_WARN_STRICT_PROTOTYPES = YES;
				CLANG_WARN_SUSPICIOUS_MOVE = YES;
				CLANG_WARN_UNGUARDED_AVAILABILITY = YES_AGGRESSIVE;
				CLANG_WARN_UNREACHABLE_CODE = YES;
				CLANG_WARN__DUPLICATE_METHOD_MATCH = YES;
				COPY_PHASE_STRIP = NO;
				DEBUG_INFORMATION_FORMAT = dwarf;
				ENABLE_STRICT_OBJC_MSGSEND = YES;
				ENABLE_TESTABILITY = YES;
				GCC_C_LANGUAGE_STANDARD = gnu11;
				GCC_DYNAMIC_NO_PIC = NO;
				GCC_NO_COMMON_BLOCKS = YES;
				GCC_OPTIMIZATION_LEVEL = 0;
				GCC_PREPROCESSOR_DEFINITIONS = (
					"DEBUG=1",
					"$(inherited)",
				);
				GCC_WARN_64_TO_32_BIT_CONVERSION = YES;
				GCC_WARN_ABOUT_RETURN_TYPE = YES_ERROR;
				GCC_WARN_UNDECLARED_SELECTOR = YES;
				GCC_WARN_UNINITIALIZED_AUTOS = YES_AGGRESSIVE;
				GCC_WARN_UNUSED_FUNCTION = YES;
				GCC_WARN_UNUSED_VARIABLE = YES;
				IPHONEOS_DEPLOYMENT_TARGET = 16.4;
				MTL_ENABLE_DEBUG_INFO = INCLUDE_SOURCE;
				MTL_FAST_MATH = YES;
				ONLY_ACTIVE_ARCH = YES;
				SDKROOT = iphoneos;
				SWIFT_ACTIVE_COMPILATION_CONDITIONS = DEBUG;
				SWIFT_OPTIMIZATION_LEVEL = "-Onone";
			};
			name = Debug;
		};
		9828E9B12A95AE3C00B960DD /* Release */ = {
			isa = XCBuildConfiguration;
			buildSettings = {
				ALWAYS_SEARCH_USER_PATHS = NO;
				CLANG_ANALYZER_NONNULL = YES;
				CLANG_ANALYZER_NUMBER_OBJECT_CONVERSION = YES_AGGRESSIVE;
				CLANG_CXX_LANGUAGE_STANDARD = "gnu++20";
				CLANG_ENABLE_MODULES = YES;
				CLANG_ENABLE_OBJC_ARC = YES;
				CLANG_ENABLE_OBJC_WEAK = YES;
				CLANG_WARN_BLOCK_CAPTURE_AUTORELEASING = YES;
				CLANG_WARN_BOOL_CONVERSION = YES;
				CLANG_WARN_COMMA = YES;
				CLANG_WARN_CONSTANT_CONVERSION = YES;
				CLANG_WARN_DEPRECATED_OBJC_IMPLEMENTATIONS = YES;
				CLANG_WARN_DIRECT_OBJC_ISA_USAGE = YES_ERROR;
				CLANG_WARN_DOCUMENTATION_COMMENTS = YES;
				CLANG_WARN_EMPTY_BODY = YES;
				CLANG_WARN_ENUM_CONVERSION = YES;
				CLANG_WARN_INFINITE_RECURSION = YES;
				CLANG_WARN_INT_CONVERSION = YES;
				CLANG_WARN_NON_LITERAL_NULL_CONVERSION = YES;
				CLANG_WARN_OBJC_IMPLICIT_RETAIN_SELF = YES;
				CLANG_WARN_OBJC_LITERAL_CONVERSION = YES;
				CLANG_WARN_OBJC_ROOT_CLASS = YES_ERROR;
				CLANG_WARN_QUOTED_INCLUDE_IN_FRAMEWORK_HEADER = YES;
				CLANG_WARN_RANGE_LOOP_ANALYSIS = YES;
				CLANG_WARN_STRICT_PROTOTYPES = YES;
				CLANG_WARN_SUSPICIOUS_MOVE = YES;
				CLANG_WARN_UNGUARDED_AVAILABILITY = YES_AGGRESSIVE;
				CLANG_WARN_UNREACHABLE_CODE = YES;
				CLANG_WARN__DUPLICATE_METHOD_MATCH = YES;
				COPY_PHASE_STRIP = NO;
				DEBUG_INFORMATION_FORMAT = "dwarf-with-dsym";
				ENABLE_NS_ASSERTIONS = NO;
				ENABLE_STRICT_OBJC_MSGSEND = YES;
				GCC_C_LANGUAGE_STANDARD = gnu11;
				GCC_NO_COMMON_BLOCKS = YES;
				GCC_WARN_64_TO_32_BIT_CONVERSION = YES;
				GCC_WARN_ABOUT_RETURN_TYPE = YES_ERROR;
				GCC_WARN_UNDECLARED_SELECTOR = YES;
				GCC_WARN_UNINITIALIZED_AUTOS = YES_AGGRESSIVE;
				GCC_WARN_UNUSED_FUNCTION = YES;
				GCC_WARN_UNUSED_VARIABLE = YES;
				IPHONEOS_DEPLOYMENT_TARGET = 16.4;
				MTL_ENABLE_DEBUG_INFO = NO;
				MTL_FAST_MATH = YES;
				SDKROOT = iphoneos;
				SWIFT_COMPILATION_MODE = wholemodule;
				SWIFT_OPTIMIZATION_LEVEL = "-O";
				VALIDATE_PRODUCT = YES;
			};
			name = Release;
		};
		9828E9B32A95AE3C00B960DD /* Debug */ = {
			isa = XCBuildConfiguration;
			buildSettings = {
				ASSETCATALOG_COMPILER_APPICON_NAME = AppIcon;
				ASSETCATALOG_COMPILER_GLOBAL_ACCENT_COLOR_NAME = AccentColor;
				CODE_SIGN_STYLE = Automatic;
				CURRENT_PROJECT_VERSION = 1;
				DEVELOPMENT_TEAM = ZVG5ZHHRV4;
				GENERATE_INFOPLIST_FILE = YES;
				INFOPLIST_FILE = GoogleBooks/Info.plist;
				INFOPLIST_KEY_UIApplicationSupportsIndirectInputEvents = YES;
				INFOPLIST_KEY_UILaunchStoryboardName = LaunchScreen;
				INFOPLIST_KEY_UIMainStoryboardFile = Main;
				INFOPLIST_KEY_UISupportedInterfaceOrientations_iPad = "UIInterfaceOrientationPortrait UIInterfaceOrientationPortraitUpsideDown UIInterfaceOrientationLandscapeLeft UIInterfaceOrientationLandscapeRight";
				INFOPLIST_KEY_UISupportedInterfaceOrientations_iPhone = "UIInterfaceOrientationPortrait UIInterfaceOrientationLandscapeLeft UIInterfaceOrientationLandscapeRight";
				LD_RUNPATH_SEARCH_PATHS = (
					"$(inherited)",
					"@executable_path/Frameworks",
				);
				MARKETING_VERSION = 1.0;
				PRODUCT_BUNDLE_IDENTIFIER = Demo.GoogleBooks;
				PRODUCT_NAME = "$(TARGET_NAME)";
				SWIFT_EMIT_LOC_STRINGS = YES;
				SWIFT_VERSION = 5.0;
				TARGETED_DEVICE_FAMILY = "1,2";
			};
			name = Debug;
		};
		9828E9B42A95AE3C00B960DD /* Release */ = {
			isa = XCBuildConfiguration;
			buildSettings = {
				ASSETCATALOG_COMPILER_APPICON_NAME = AppIcon;
				ASSETCATALOG_COMPILER_GLOBAL_ACCENT_COLOR_NAME = AccentColor;
				CODE_SIGN_STYLE = Automatic;
				CURRENT_PROJECT_VERSION = 1;
				DEVELOPMENT_TEAM = ZVG5ZHHRV4;
				GENERATE_INFOPLIST_FILE = YES;
				INFOPLIST_FILE = GoogleBooks/Info.plist;
				INFOPLIST_KEY_UIApplicationSupportsIndirectInputEvents = YES;
				INFOPLIST_KEY_UILaunchStoryboardName = LaunchScreen;
				INFOPLIST_KEY_UIMainStoryboardFile = Main;
				INFOPLIST_KEY_UISupportedInterfaceOrientations_iPad = "UIInterfaceOrientationPortrait UIInterfaceOrientationPortraitUpsideDown UIInterfaceOrientationLandscapeLeft UIInterfaceOrientationLandscapeRight";
				INFOPLIST_KEY_UISupportedInterfaceOrientations_iPhone = "UIInterfaceOrientationPortrait UIInterfaceOrientationLandscapeLeft UIInterfaceOrientationLandscapeRight";
				LD_RUNPATH_SEARCH_PATHS = (
					"$(inherited)",
					"@executable_path/Frameworks",
				);
				MARKETING_VERSION = 1.0;
				PRODUCT_BUNDLE_IDENTIFIER = Demo.GoogleBooks;
				PRODUCT_NAME = "$(TARGET_NAME)";
				SWIFT_EMIT_LOC_STRINGS = YES;
				SWIFT_VERSION = 5.0;
				TARGETED_DEVICE_FAMILY = "1,2";
			};
			name = Release;
		};
		9828E9B62A95AE3C00B960DD /* Debug */ = {
			isa = XCBuildConfiguration;
			buildSettings = {
				ALWAYS_EMBED_SWIFT_STANDARD_LIBRARIES = YES;
				BUNDLE_LOADER = "$(TEST_HOST)";
				CODE_SIGN_STYLE = Automatic;
				CURRENT_PROJECT_VERSION = 1;
				DEVELOPMENT_TEAM = ZVG5ZHHRV4;
				GENERATE_INFOPLIST_FILE = YES;
				IPHONEOS_DEPLOYMENT_TARGET = 16.4;
				MARKETING_VERSION = 1.0;
				PRODUCT_BUNDLE_IDENTIFIER = Demo.GoogleBooksTests;
				PRODUCT_NAME = "$(TARGET_NAME)";
				SWIFT_EMIT_LOC_STRINGS = NO;
				SWIFT_VERSION = 5.0;
				TARGETED_DEVICE_FAMILY = "1,2";
				TEST_HOST = "$(BUILT_PRODUCTS_DIR)/GoogleBooks.app/$(BUNDLE_EXECUTABLE_FOLDER_PATH)/GoogleBooks";
			};
			name = Debug;
		};
		9828E9B72A95AE3C00B960DD /* Release */ = {
			isa = XCBuildConfiguration;
			buildSettings = {
				ALWAYS_EMBED_SWIFT_STANDARD_LIBRARIES = YES;
				BUNDLE_LOADER = "$(TEST_HOST)";
				CODE_SIGN_STYLE = Automatic;
				CURRENT_PROJECT_VERSION = 1;
				DEVELOPMENT_TEAM = ZVG5ZHHRV4;
				GENERATE_INFOPLIST_FILE = YES;
				IPHONEOS_DEPLOYMENT_TARGET = 16.4;
				MARKETING_VERSION = 1.0;
				PRODUCT_BUNDLE_IDENTIFIER = Demo.GoogleBooksTests;
				PRODUCT_NAME = "$(TARGET_NAME)";
				SWIFT_EMIT_LOC_STRINGS = NO;
				SWIFT_VERSION = 5.0;
				TARGETED_DEVICE_FAMILY = "1,2";
				TEST_HOST = "$(BUILT_PRODUCTS_DIR)/GoogleBooks.app/$(BUNDLE_EXECUTABLE_FOLDER_PATH)/GoogleBooks";
			};
			name = Release;
		};
		9828E9B92A95AE3C00B960DD /* Debug */ = {
			isa = XCBuildConfiguration;
			buildSettings = {
				ALWAYS_EMBED_SWIFT_STANDARD_LIBRARIES = YES;
				CODE_SIGN_STYLE = Automatic;
				CURRENT_PROJECT_VERSION = 1;
				DEVELOPMENT_TEAM = ZVG5ZHHRV4;
				GENERATE_INFOPLIST_FILE = YES;
				MARKETING_VERSION = 1.0;
				PRODUCT_BUNDLE_IDENTIFIER = Demo.GoogleBooksUITests;
				PRODUCT_NAME = "$(TARGET_NAME)";
				SWIFT_EMIT_LOC_STRINGS = NO;
				SWIFT_VERSION = 5.0;
				TARGETED_DEVICE_FAMILY = "1,2";
				TEST_TARGET_NAME = GoogleBooks;
			};
			name = Debug;
		};
		9828E9BA2A95AE3C00B960DD /* Release */ = {
			isa = XCBuildConfiguration;
			buildSettings = {
				ALWAYS_EMBED_SWIFT_STANDARD_LIBRARIES = YES;
				CODE_SIGN_STYLE = Automatic;
				CURRENT_PROJECT_VERSION = 1;
				DEVELOPMENT_TEAM = ZVG5ZHHRV4;
				GENERATE_INFOPLIST_FILE = YES;
				MARKETING_VERSION = 1.0;
				PRODUCT_BUNDLE_IDENTIFIER = Demo.GoogleBooksUITests;
				PRODUCT_NAME = "$(TARGET_NAME)";
				SWIFT_EMIT_LOC_STRINGS = NO;
				SWIFT_VERSION = 5.0;
				TARGETED_DEVICE_FAMILY = "1,2";
				TEST_TARGET_NAME = GoogleBooks;
			};
			name = Release;
		};
/* End XCBuildConfiguration section */

/* Begin XCConfigurationList section */
		9828E9832A95AE3A00B960DD /* Build configuration list for PBXProject "GoogleBooks" */ = {
			isa = XCConfigurationList;
			buildConfigurations = (
				9828E9B02A95AE3C00B960DD /* Debug */,
				9828E9B12A95AE3C00B960DD /* Release */,
			);
			defaultConfigurationIsVisible = 0;
			defaultConfigurationName = Release;
		};
		9828E9B22A95AE3C00B960DD /* Build configuration list for PBXNativeTarget "GoogleBooks" */ = {
			isa = XCConfigurationList;
			buildConfigurations = (
				9828E9B32A95AE3C00B960DD /* Debug */,
				9828E9B42A95AE3C00B960DD /* Release */,
			);
			defaultConfigurationIsVisible = 0;
			defaultConfigurationName = Release;
		};
		9828E9B52A95AE3C00B960DD /* Build configuration list for PBXNativeTarget "GoogleBooksTests" */ = {
			isa = XCConfigurationList;
			buildConfigurations = (
				9828E9B62A95AE3C00B960DD /* Debug */,
				9828E9B72A95AE3C00B960DD /* Release */,
			);
			defaultConfigurationIsVisible = 0;
			defaultConfigurationName = Release;
		};
		9828E9B82A95AE3C00B960DD /* Build configuration list for PBXNativeTarget "GoogleBooksUITests" */ = {
			isa = XCConfigurationList;
			buildConfigurations = (
				9828E9B92A95AE3C00B960DD /* Debug */,
				9828E9BA2A95AE3C00B960DD /* Release */,
			);
			defaultConfigurationIsVisible = 0;
			defaultConfigurationName = Release;
		};
/* End XCConfigurationList section */
	};
	rootObject = 9828E9802A95AE3A00B960DD /* Project object */;
}
